
Microsoft Visual Studio Solution File, Format Version 12.00
# Visual Studio Version 16
VisualStudioVersion = 16.0.30204.135
MinimumVisualStudioVersion = 10.0.40219.1
Project("{FAE04EC0-301F-11D3-BF4B-00C04F79EFBC}") = "CustomReaderWriter", "CustomReaderWriter\CustomReaderWriter.csproj", "{AFF53143-8403-493B-BF53-E95BBA8446C0}"
EndProject
Global
	GlobalSection(SolutionConfigurationPlatforms) = preSolution
		Debug|Any CPU = Debug|Any CPU
		Release|Any CPU = Release|Any CPU
	EndGlobalSection
	GlobalSection(ProjectConfigurationPlatforms) = postSolution
		{AFF53143-8403-493B-BF53-E95BBA8446C0}.Debug|Any CPU.ActiveCfg = Debug|Any CPU
		{AFF53143-8403-493B-BF53-E95BBA8446C0}.Debug|Any CPU.Build.0 = Debug|Any CPU
		{AFF53143-8403-493B-BF53-E95BBA8446C0}.Release|Any CPU.ActiveCfg = Release|Any CPU
		{AFF53143-8403-493B-BF53-E95BBA8446C0}.Release|Any CPU.Build.0 = Release|Any CPU
	EndGlobalSection
	GlobalSection(SolutionProperties) = preSolution
		HideSolutionNode = FALSE
	EndGlobalSection
	GlobalSection(ExtensibilityGlobals) = postSolution
		SolutionGuid = {D1B4664C-D289-4BCB-B05C-C3E5522FF770}
	EndGlobalSection
EndGlobal
