
Microsoft Visual Studio Solution File, Format Version 12.00
# Visual Studio Version 16
VisualStudioVersion = 16.0.30204.135
MinimumVisualStudioVersion = 10.0.40219.1
Project("{FAE04EC0-301F-11D3-BF4B-00C04F79EFBC}") = "Exercise_class_02", "Exercise_class_02\Exercise_class_02.csproj", "{F3F84F9E-A308-41A8-9FCC-CFD1695107EE}"
EndProject
Global
	GlobalSection(SolutionConfigurationPlatforms) = preSolution
		Debug|Any CPU = Debug|Any CPU
		Release|Any CPU = Release|Any CPU
	EndGlobalSection
	GlobalSection(ProjectConfigurationPlatforms) = postSolution
		{F3F84F9E-A308-41A8-9FCC-CFD1695107EE}.Debug|Any CPU.ActiveCfg = Debug|Any CPU
		{F3F84F9E-A308-41A8-9FCC-CFD1695107EE}.Debug|Any CPU.Build.0 = Debug|Any CPU
		{F3F84F9E-A308-41A8-9FCC-CFD1695107EE}.Release|Any CPU.ActiveCfg = Release|Any CPU
		{F3F84F9E-A308-41A8-9FCC-CFD1695107EE}.Release|Any CPU.Build.0 = Release|Any CPU
	EndGlobalSection
	GlobalSection(SolutionProperties) = preSolution
		HideSolutionNode = FALSE
	EndGlobalSection
	GlobalSection(ExtensibilityGlobals) = postSolution
		SolutionGuid = {B3996C68-A421-424E-B605-8182C1D547C6}
	EndGlobalSection
EndGlobal
